
Microsoft Visual Studio Solution File, Format Version 12.00
# Visual Studio Version 18
VisualStudioVersion = 18.4.11620.152
MinimumVisualStudioVersion = 10.0.40219.1
Project("{8BC9CEB8-8B4A-11D0-8D11-00A0C91BC942}") = "Jargon", "Jargon\Jargon.vcxproj", "{32D5CFBE-500C-4D1F-9A47-B694E104DD10}"
	ProjectSection(ProjectDependencies) = postProject
		{2099BED6-9EE5-4638-932A-731158FCD046} = {2099BED6-9EE5-4638-932A-731158FCD046}
	EndProjectSection
EndProject
Project("{FAE04EC0-301F-11D3-BF4B-00C04F79EFBC}") = "JargonLib", "JargonLib\JargonLib.csproj", "{2A64B07E-403B-48E8-B258-C83B1C94FD03}"
EndProject
Project("{FAE04EC0-301F-11D3-BF4B-00C04F79EFBC}") = "jlc0", "jlc0\jlc0.csproj", "{2099BED6-9EE5-4638-932A-731158FCD046}"
EndProject
Project("{8BC9CEB8-8B4A-11D0-8D11-00A0C91BC942}") = "jlc1", "jlc1\jlc1.vcxproj", "{8C021066-B72C-4BFD-9BF3-6550CF4D0033}"
	ProjectSection(ProjectDependencies) = postProject
		{2099BED6-9EE5-4638-932A-731158FCD046} = {2099BED6-9EE5-4638-932A-731158FCD046}
		{32D5CFBE-500C-4D1F-9A47-B694E104DD10} = {32D5CFBE-500C-4D1F-9A47-B694E104DD10}
	EndProjectSection
EndProject
Project("{8BC9CEB8-8B4A-11D0-8D11-00A0C91BC942}") = "jlc2", "jlc2\jlc2.vcxproj", "{BD23F777-DC30-418A-B289-A99061D15212}"
	ProjectSection(ProjectDependencies) = postProject
		{8C021066-B72C-4BFD-9BF3-6550CF4D0033} = {8C021066-B72C-4BFD-9BF3-6550CF4D0033}
	EndProjectSection
EndProject
Project("{8BC9CEB8-8B4A-11D0-8D11-00A0C91BC942}") = "Test", "Test\Test.vcxproj", "{FE08F812-395B-492E-9BB5-4E690BC0ADE3}"
	ProjectSection(ProjectDependencies) = postProject
		{406214A7-1F3C-4FB0-933F-91EBEB204E0A} = {406214A7-1F3C-4FB0-933F-91EBEB204E0A}
	EndProjectSection
EndProject
Project("{8BC9CEB8-8B4A-11D0-8D11-00A0C91BC942}") = "WinApp", "WinApp\WinApp.vcxproj", "{DB5618A1-410F-489E-9EEA-B4D831067AE0}"
	ProjectSection(ProjectDependencies) = postProject
		{2BB5ECE9-FFA4-403E-A92F-2B4C45AA6085} = {2BB5ECE9-FFA4-403E-A92F-2B4C45AA6085}
	EndProjectSection
EndProject
Project("{8BC9CEB8-8B4A-11D0-8D11-00A0C91BC942}") = "ComTest", "ComTest\ComTest.vcxproj", "{F708E476-F395-4EF0-8BFD-10B05E4E47EB}"
EndProject
Project("{8BC9CEB8-8B4A-11D0-8D11-00A0C91BC942}") = "VulkanApp", "VulkanApp\VulkanApp.vcxproj", "{B91DED33-6467-43AE-970C-61865BE4DB84}"
	ProjectSection(ProjectDependencies) = postProject
		{2BB5ECE9-FFA4-403E-A92F-2B4C45AA6085} = {2BB5ECE9-FFA4-403E-A92F-2B4C45AA6085}
	EndProjectSection
EndProject
Project("{8BC9CEB8-8B4A-11D0-8D11-00A0C91BC942}") = "PAudio", "PAudio\PAudio.vcxproj", "{B87B82E0-7DB6-47B6-9F50-7C4336C9676E}"
EndProject
Project("{8BC9CEB8-8B4A-11D0-8D11-00A0C91BC942}") = "FImage", "FImage\FImage.vcxproj", "{54AD60A0-E641-4333-BD21-C95F563F3F6A}"
	ProjectSection(ProjectDependencies) = postProject
		{2BB5ECE9-FFA4-403E-A92F-2B4C45AA6085} = {2BB5ECE9-FFA4-403E-A92F-2B4C45AA6085}
	EndProjectSection
EndProject
Project("{8BC9CEB8-8B4A-11D0-8D11-00A0C91BC942}") = "RayTracer", "RayTracer\RayTracer.vcxproj", "{25835052-D4E2-450B-A32E-3777994BAA48}"
	ProjectSection(ProjectDependencies) = postProject
		{2BB5ECE9-FFA4-403E-A92F-2B4C45AA6085} = {2BB5ECE9-FFA4-403E-A92F-2B4C45AA6085}
	EndProjectSection
EndProject
Project("{8BC9CEB8-8B4A-11D0-8D11-00A0C91BC942}") = "StartupCLI", "StartupCLI\StartupCLI.vcxproj", "{406214A7-1F3C-4FB0-933F-91EBEB204E0A}"
	ProjectSection(ProjectDependencies) = postProject
		{BD23F777-DC30-418A-B289-A99061D15212} = {BD23F777-DC30-418A-B289-A99061D15212}
	EndProjectSection
EndProject
Project("{8BC9CEB8-8B4A-11D0-8D11-00A0C91BC942}") = "StartupWin32", "StartupWin32\StartupWin32.vcxproj", "{2BB5ECE9-FFA4-403E-A92F-2B4C45AA6085}"
EndProject
Project("{8BC9CEB8-8B4A-11D0-8D11-00A0C91BC942}") = "StartupDLL", "StartupDLL\StartupDLL.vcxproj", "{D08D1ADB-5AEC-4B9A-B2ED-A521C1FF14C7}"
EndProject
Project("{8BC9CEB8-8B4A-11D0-8D11-00A0C91BC942}") = "HelloWorld", "HelloWorld\HelloWorld.vcxproj", "{D3EFB49F-377C-47D5-81E6-70EF79BC6BA8}"
EndProject
Global
	GlobalSection(SolutionConfigurationPlatforms) = preSolution
		Debug|Any CPU = Debug|Any CPU
		Debug|x64 = Debug|x64
		Debug|x86 = Debug|x86
		Release|Any CPU = Release|Any CPU
		Release|x64 = Release|x64
		Release|x86 = Release|x86
	EndGlobalSection
	GlobalSection(ProjectConfigurationPlatforms) = postSolution
		{32D5CFBE-500C-4D1F-9A47-B694E104DD10}.Debug|Any CPU.ActiveCfg = Debug|x64
		{32D5CFBE-500C-4D1F-9A47-B694E104DD10}.Debug|Any CPU.Build.0 = Debug|x64
		{32D5CFBE-500C-4D1F-9A47-B694E104DD10}.Debug|x64.ActiveCfg = Debug|x64
		{32D5CFBE-500C-4D1F-9A47-B694E104DD10}.Debug|x64.Build.0 = Debug|x64
		{32D5CFBE-500C-4D1F-9A47-B694E104DD10}.Debug|x86.ActiveCfg = Debug|Win32
		{32D5CFBE-500C-4D1F-9A47-B694E104DD10}.Debug|x86.Build.0 = Debug|Win32
		{32D5CFBE-500C-4D1F-9A47-B694E104DD10}.Release|Any CPU.ActiveCfg = Release|x64
		{32D5CFBE-500C-4D1F-9A47-B694E104DD10}.Release|Any CPU.Build.0 = Release|x64
		{32D5CFBE-500C-4D1F-9A47-B694E104DD10}.Release|x64.ActiveCfg = Release|x64
		{32D5CFBE-500C-4D1F-9A47-B694E104DD10}.Release|x64.Build.0 = Release|x64
		{32D5CFBE-500C-4D1F-9A47-B694E104DD10}.Release|x86.ActiveCfg = Release|Win32
		{32D5CFBE-500C-4D1F-9A47-B694E104DD10}.Release|x86.Build.0 = Release|Win32
		{2A64B07E-403B-48E8-B258-C83B1C94FD03}.Debug|Any CPU.ActiveCfg = Debug|Any CPU
		{2A64B07E-403B-48E8-B258-C83B1C94FD03}.Debug|Any CPU.Build.0 = Debug|Any CPU
		{2A64B07E-403B-48E8-B258-C83B1C94FD03}.Debug|x64.ActiveCfg = Debug|Any CPU
		{2A64B07E-403B-48E8-B258-C83B1C94FD03}.Debug|x64.Build.0 = Debug|Any CPU
		{2A64B07E-403B-48E8-B258-C83B1C94FD03}.Debug|x86.ActiveCfg = Debug|Any CPU
		{2A64B07E-403B-48E8-B258-C83B1C94FD03}.Debug|x86.Build.0 = Debug|Any CPU
		{2A64B07E-403B-48E8-B258-C83B1C94FD03}.Release|Any CPU.ActiveCfg = Release|Any CPU
		{2A64B07E-403B-48E8-B258-C83B1C94FD03}.Release|Any CPU.Build.0 = Release|Any CPU
		{2A64B07E-403B-48E8-B258-C83B1C94FD03}.Release|x64.ActiveCfg = Release|Any CPU
		{2A64B07E-403B-48E8-B258-C83B1C94FD03}.Release|x64.Build.0 = Release|Any CPU
		{2A64B07E-403B-48E8-B258-C83B1C94FD03}.Release|x86.ActiveCfg = Release|Any CPU
		{2A64B07E-403B-48E8-B258-C83B1C94FD03}.Release|x86.Build.0 = Release|Any CPU
		{2099BED6-9EE5-4638-932A-731158FCD046}.Debug|Any CPU.ActiveCfg = Debug|Any CPU
		{2099BED6-9EE5-4638-932A-731158FCD046}.Debug|Any CPU.Build.0 = Debug|Any CPU
		{2099BED6-9EE5-4638-932A-731158FCD046}.Debug|x64.ActiveCfg = Debug|Any CPU
		{2099BED6-9EE5-4638-932A-731158FCD046}.Debug|x64.Build.0 = Debug|Any CPU
		{2099BED6-9EE5-4638-932A-731158FCD046}.Debug|x86.ActiveCfg = Debug|Any CPU
		{2099BED6-9EE5-4638-932A-731158FCD046}.Debug|x86.Build.0 = Debug|Any CPU
		{2099BED6-9EE5-4638-932A-731158FCD046}.Release|Any CPU.ActiveCfg = Release|Any CPU
		{2099BED6-9EE5-4638-932A-731158FCD046}.Release|Any CPU.Build.0 = Release|Any CPU
		{2099BED6-9EE5-4638-932A-731158FCD046}.Release|x64.ActiveCfg = Release|Any CPU
		{2099BED6-9EE5-4638-932A-731158FCD046}.Release|x64.Build.0 = Release|Any CPU
		{2099BED6-9EE5-4638-932A-731158FCD046}.Release|x86.ActiveCfg = Release|Any CPU
		{2099BED6-9EE5-4638-932A-731158FCD046}.Release|x86.Build.0 = Release|Any CPU
		{8C021066-B72C-4BFD-9BF3-6550CF4D0033}.Debug|Any CPU.ActiveCfg = Debug|x64
		{8C021066-B72C-4BFD-9BF3-6550CF4D0033}.Debug|Any CPU.Build.0 = Debug|x64
		{8C021066-B72C-4BFD-9BF3-6550CF4D0033}.Debug|x64.ActiveCfg = Debug|x64
		{8C021066-B72C-4BFD-9BF3-6550CF4D0033}.Debug|x64.Build.0 = Debug|x64
		{8C021066-B72C-4BFD-9BF3-6550CF4D0033}.Debug|x86.ActiveCfg = Debug|Win32
		{8C021066-B72C-4BFD-9BF3-6550CF4D0033}.Debug|x86.Build.0 = Debug|Win32
		{8C021066-B72C-4BFD-9BF3-6550CF4D0033}.Release|Any CPU.ActiveCfg = Release|x64
		{8C021066-B72C-4BFD-9BF3-6550CF4D0033}.Release|Any CPU.Build.0 = Release|x64
		{8C021066-B72C-4BFD-9BF3-6550CF4D0033}.Release|x64.ActiveCfg = Release|x64
		{8C021066-B72C-4BFD-9BF3-6550CF4D0033}.Release|x64.Build.0 = Release|x64
		{8C021066-B72C-4BFD-9BF3-6550CF4D0033}.Release|x86.ActiveCfg = Release|Win32
		{8C021066-B72C-4BFD-9BF3-6550CF4D0033}.Release|x86.Build.0 = Release|Win32
		{BD23F777-DC30-418A-B289-A99061D15212}.Debug|Any CPU.ActiveCfg = Debug|x64
		{BD23F777-DC30-418A-B289-A99061D15212}.Debug|Any CPU.Build.0 = Debug|x64
		{BD23F777-DC30-418A-B289-A99061D15212}.Debug|x64.ActiveCfg = Debug|x64
		{BD23F777-DC30-418A-B289-A99061D15212}.Debug|x64.Build.0 = Debug|x64
		{BD23F777-DC30-418A-B289-A99061D15212}.Debug|x86.ActiveCfg = Debug|Win32
		{BD23F777-DC30-418A-B289-A99061D15212}.Debug|x86.Build.0 = Debug|Win32
		{BD23F777-DC30-418A-B289-A99061D15212}.Release|Any CPU.ActiveCfg = Release|x64
		{BD23F777-DC30-418A-B289-A99061D15212}.Release|Any CPU.Build.0 = Release|x64
		{BD23F777-DC30-418A-B289-A99061D15212}.Release|x64.ActiveCfg = Release|x64
		{BD23F777-DC30-418A-B289-A99061D15212}.Release|x64.Build.0 = Release|x64
		{BD23F777-DC30-418A-B289-A99061D15212}.Release|x86.ActiveCfg = Release|Win32
		{BD23F777-DC30-418A-B289-A99061D15212}.Release|x86.Build.0 = Release|Win32
		{FE08F812-395B-492E-9BB5-4E690BC0ADE3}.Debug|Any CPU.ActiveCfg = Debug|x64
		{FE08F812-395B-492E-9BB5-4E690BC0ADE3}.Debug|Any CPU.Build.0 = Debug|x64
		{FE08F812-395B-492E-9BB5-4E690BC0ADE3}.Debug|x64.ActiveCfg = Debug|x64
		{FE08F812-395B-492E-9BB5-4E690BC0ADE3}.Debug|x64.Build.0 = Debug|x64
		{FE08F812-395B-492E-9BB5-4E690BC0ADE3}.Debug|x86.ActiveCfg = Debug|Win32
		{FE08F812-395B-492E-9BB5-4E690BC0ADE3}.Debug|x86.Build.0 = Debug|Win32
		{FE08F812-395B-492E-9BB5-4E690BC0ADE3}.Release|Any CPU.ActiveCfg = Release|x64
		{FE08F812-395B-492E-9BB5-4E690BC0ADE3}.Release|Any CPU.Build.0 = Release|x64
		{FE08F812-395B-492E-9BB5-4E690BC0ADE3}.Release|x64.ActiveCfg = Release|x64
		{FE08F812-395B-492E-9BB5-4E690BC0ADE3}.Release|x64.Build.0 = Release|x64
		{FE08F812-395B-492E-9BB5-4E690BC0ADE3}.Release|x86.ActiveCfg = Release|Win32
		{FE08F812-395B-492E-9BB5-4E690BC0ADE3}.Release|x86.Build.0 = Release|Win32
		{DB5618A1-410F-489E-9EEA-B4D831067AE0}.Debug|Any CPU.ActiveCfg = Debug|x64
		{DB5618A1-410F-489E-9EEA-B4D831067AE0}.Debug|Any CPU.Build.0 = Debug|x64
		{DB5618A1-410F-489E-9EEA-B4D831067AE0}.Debug|x64.ActiveCfg = Debug|x64
		{DB5618A1-410F-489E-9EEA-B4D831067AE0}.Debug|x64.Build.0 = Debug|x64
		{DB5618A1-410F-489E-9EEA-B4D831067AE0}.Debug|x86.ActiveCfg = Debug|Win32
		{DB5618A1-410F-489E-9EEA-B4D831067AE0}.Debug|x86.Build.0 = Debug|Win32
		{DB5618A1-410F-489E-9EEA-B4D831067AE0}.Release|Any CPU.ActiveCfg = Release|x64
		{DB5618A1-410F-489E-9EEA-B4D831067AE0}.Release|Any CPU.Build.0 = Release|x64
		{DB5618A1-410F-489E-9EEA-B4D831067AE0}.Release|x64.ActiveCfg = Release|x64
		{DB5618A1-410F-489E-9EEA-B4D831067AE0}.Release|x64.Build.0 = Release|x64
		{DB5618A1-410F-489E-9EEA-B4D831067AE0}.Release|x86.ActiveCfg = Release|Win32
		{DB5618A1-410F-489E-9EEA-B4D831067AE0}.Release|x86.Build.0 = Release|Win32
		{F708E476-F395-4EF0-8BFD-10B05E4E47EB}.Debug|Any CPU.ActiveCfg = Debug|x64
		{F708E476-F395-4EF0-8BFD-10B05E4E47EB}.Debug|Any CPU.Build.0 = Debug|x64
		{F708E476-F395-4EF0-8BFD-10B05E4E47EB}.Debug|x64.ActiveCfg = Debug|x64
		{F708E476-F395-4EF0-8BFD-10B05E4E47EB}.Debug|x64.Build.0 = Debug|x64
		{F708E476-F395-4EF0-8BFD-10B05E4E47EB}.Debug|x86.ActiveCfg = Debug|Win32
		{F708E476-F395-4EF0-8BFD-10B05E4E47EB}.Debug|x86.Build.0 = Debug|Win32
		{F708E476-F395-4EF0-8BFD-10B05E4E47EB}.Release|Any CPU.ActiveCfg = Release|x64
		{F708E476-F395-4EF0-8BFD-10B05E4E47EB}.Release|Any CPU.Build.0 = Release|x64
		{F708E476-F395-4EF0-8BFD-10B05E4E47EB}.Release|x64.ActiveCfg = Release|x64
		{F708E476-F395-4EF0-8BFD-10B05E4E47EB}.Release|x64.Build.0 = Release|x64
		{F708E476-F395-4EF0-8BFD-10B05E4E47EB}.Release|x86.ActiveCfg = Release|Win32
		{F708E476-F395-4EF0-8BFD-10B05E4E47EB}.Release|x86.Build.0 = Release|Win32
		{B91DED33-6467-43AE-970C-61865BE4DB84}.Debug|Any CPU.ActiveCfg = Debug|x64
		{B91DED33-6467-43AE-970C-61865BE4DB84}.Debug|Any CPU.Build.0 = Debug|x64
		{B91DED33-6467-43AE-970C-61865BE4DB84}.Debug|x64.ActiveCfg = Debug|x64
		{B91DED33-6467-43AE-970C-61865BE4DB84}.Debug|x64.Build.0 = Debug|x64
		{B91DED33-6467-43AE-970C-61865BE4DB84}.Debug|x86.ActiveCfg = Debug|Win32
		{B91DED33-6467-43AE-970C-61865BE4DB84}.Debug|x86.Build.0 = Debug|Win32
		{B91DED33-6467-43AE-970C-61865BE4DB84}.Release|Any CPU.ActiveCfg = Release|x64
		{B91DED33-6467-43AE-970C-61865BE4DB84}.Release|Any CPU.Build.0 = Release|x64
		{B91DED33-6467-43AE-970C-61865BE4DB84}.Release|x64.ActiveCfg = Release|x64
		{B91DED33-6467-43AE-970C-61865BE4DB84}.Release|x64.Build.0 = Release|x64
		{B91DED33-6467-43AE-970C-61865BE4DB84}.Release|x86.ActiveCfg = Release|Win32
		{B91DED33-6467-43AE-970C-61865BE4DB84}.Release|x86.Build.0 = Release|Win32
		{B87B82E0-7DB6-47B6-9F50-7C4336C9676E}.Debug|Any CPU.ActiveCfg = Debug|x64
		{B87B82E0-7DB6-47B6-9F50-7C4336C9676E}.Debug|Any CPU.Build.0 = Debug|x64
		{B87B82E0-7DB6-47B6-9F50-7C4336C9676E}.Debug|x64.ActiveCfg = Debug|x64
		{B87B82E0-7DB6-47B6-9F50-7C4336C9676E}.Debug|x64.Build.0 = Debug|x64
		{B87B82E0-7DB6-47B6-9F50-7C4336C9676E}.Debug|x86.ActiveCfg = Debug|Win32
		{B87B82E0-7DB6-47B6-9F50-7C4336C9676E}.Debug|x86.Build.0 = Debug|Win32
		{B87B82E0-7DB6-47B6-9F50-7C4336C9676E}.Release|Any CPU.ActiveCfg = Release|x64
		{B87B82E0-7DB6-47B6-9F50-7C4336C9676E}.Release|Any CPU.Build.0 = Release|x64
		{B87B82E0-7DB6-47B6-9F50-7C4336C9676E}.Release|x64.ActiveCfg = Release|x64
		{B87B82E0-7DB6-47B6-9F50-7C4336C9676E}.Release|x64.Build.0 = Release|x64
		{B87B82E0-7DB6-47B6-9F50-7C4336C9676E}.Release|x86.ActiveCfg = Release|Win32
		{B87B82E0-7DB6-47B6-9F50-7C4336C9676E}.Release|x86.Build.0 = Release|Win32
		{54AD60A0-E641-4333-BD21-C95F563F3F6A}.Debug|Any CPU.ActiveCfg = Debug|x64
		{54AD60A0-E641-4333-BD21-C95F563F3F6A}.Debug|Any CPU.Build.0 = Debug|x64
		{54AD60A0-E641-4333-BD21-C95F563F3F6A}.Debug|x64.ActiveCfg = Debug|x64
		{54AD60A0-E641-4333-BD21-C95F563F3F6A}.Debug|x64.Build.0 = Debug|x64
		{54AD60A0-E641-4333-BD21-C95F563F3F6A}.Debug|x86.ActiveCfg = Debug|Win32
		{54AD60A0-E641-4333-BD21-C95F563F3F6A}.Debug|x86.Build.0 = Debug|Win32
		{54AD60A0-E641-4333-BD21-C95F563F3F6A}.Release|Any CPU.ActiveCfg = Release|x64
		{54AD60A0-E641-4333-BD21-C95F563F3F6A}.Release|Any CPU.Build.0 = Release|x64
		{54AD60A0-E641-4333-BD21-C95F563F3F6A}.Release|x64.ActiveCfg = Release|x64
		{54AD60A0-E641-4333-BD21-C95F563F3F6A}.Release|x64.Build.0 = Release|x64
		{54AD60A0-E641-4333-BD21-C95F563F3F6A}.Release|x86.ActiveCfg = Release|Win32
		{54AD60A0-E641-4333-BD21-C95F563F3F6A}.Release|x86.Build.0 = Release|Win32
		{25835052-D4E2-450B-A32E-3777994BAA48}.Debug|Any CPU.ActiveCfg = Debug|x64
		{25835052-D4E2-450B-A32E-3777994BAA48}.Debug|Any CPU.Build.0 = Debug|x64
		{25835052-D4E2-450B-A32E-3777994BAA48}.Debug|x64.ActiveCfg = Debug|x64
		{25835052-D4E2-450B-A32E-3777994BAA48}.Debug|x64.Build.0 = Debug|x64
		{25835052-D4E2-450B-A32E-3777994BAA48}.Debug|x86.ActiveCfg = Debug|Win32
		{25835052-D4E2-450B-A32E-3777994BAA48}.Debug|x86.Build.0 = Debug|Win32
		{25835052-D4E2-450B-A32E-3777994BAA48}.Release|Any CPU.ActiveCfg = Release|x64
		{25835052-D4E2-450B-A32E-3777994BAA48}.Release|Any CPU.Build.0 = Release|x64
		{25835052-D4E2-450B-A32E-3777994BAA48}.Release|x64.ActiveCfg = Release|x64
		{25835052-D4E2-450B-A32E-3777994BAA48}.Release|x64.Build.0 = Release|x64
		{25835052-D4E2-450B-A32E-3777994BAA48}.Release|x86.ActiveCfg = Release|Win32
		{25835052-D4E2-450B-A32E-3777994BAA48}.Release|x86.Build.0 = Release|Win32
		{406214A7-1F3C-4FB0-933F-91EBEB204E0A}.Debug|Any CPU.ActiveCfg = Debug|x64
		{406214A7-1F3C-4FB0-933F-91EBEB204E0A}.Debug|Any CPU.Build.0 = Debug|x64
		{406214A7-1F3C-4FB0-933F-91EBEB204E0A}.Debug|x64.ActiveCfg = Debug|x64
		{406214A7-1F3C-4FB0-933F-91EBEB204E0A}.Debug|x64.Build.0 = Debug|x64
		{406214A7-1F3C-4FB0-933F-91EBEB204E0A}.Debug|x86.ActiveCfg = Debug|Win32
		{406214A7-1F3C-4FB0-933F-91EBEB204E0A}.Debug|x86.Build.0 = Debug|Win32
		{406214A7-1F3C-4FB0-933F-91EBEB204E0A}.Release|Any CPU.ActiveCfg = Release|x64
		{406214A7-1F3C-4FB0-933F-91EBEB204E0A}.Release|Any CPU.Build.0 = Release|x64
		{406214A7-1F3C-4FB0-933F-91EBEB204E0A}.Release|x64.ActiveCfg = Release|x64
		{406214A7-1F3C-4FB0-933F-91EBEB204E0A}.Release|x64.Build.0 = Release|x64
		{406214A7-1F3C-4FB0-933F-91EBEB204E0A}.Release|x86.ActiveCfg = Release|Win32
		{406214A7-1F3C-4FB0-933F-91EBEB204E0A}.Release|x86.Build.0 = Release|Win32
		{2BB5ECE9-FFA4-403E-A92F-2B4C45AA6085}.Debug|Any CPU.ActiveCfg = Debug|x64
		{2BB5ECE9-FFA4-403E-A92F-2B4C45AA6085}.Debug|Any CPU.Build.0 = Debug|x64
		{2BB5ECE9-FFA4-403E-A92F-2B4C45AA6085}.Debug|x64.ActiveCfg = Debug|x64
		{2BB5ECE9-FFA4-403E-A92F-2B4C45AA6085}.Debug|x64.Build.0 = Debug|x64
		{2BB5ECE9-FFA4-403E-A92F-2B4C45AA6085}.Debug|x86.ActiveCfg = Debug|Win32
		{2BB5ECE9-FFA4-403E-A92F-2B4C45AA6085}.Debug|x86.Build.0 = Debug|Win32
		{2BB5ECE9-FFA4-403E-A92F-2B4C45AA6085}.Release|Any CPU.ActiveCfg = Release|x64
		{2BB5ECE9-FFA4-403E-A92F-2B4C45AA6085}.Release|Any CPU.Build.0 = Release|x64
		{2BB5ECE9-FFA4-403E-A92F-2B4C45AA6085}.Release|x64.ActiveCfg = Release|x64
		{2BB5ECE9-FFA4-403E-A92F-2B4C45AA6085}.Release|x64.Build.0 = Release|x64
		{2BB5ECE9-FFA4-403E-A92F-2B4C45AA6085}.Release|x86.ActiveCfg = Release|Win32
		{2BB5ECE9-FFA4-403E-A92F-2B4C45AA6085}.Release|x86.Build.0 = Release|Win32
		{D08D1ADB-5AEC-4B9A-B2ED-A521C1FF14C7}.Debug|Any CPU.ActiveCfg = Debug|x64
		{D08D1ADB-5AEC-4B9A-B2ED-A521C1FF14C7}.Debug|Any CPU.Build.0 = Debug|x64
		{D08D1ADB-5AEC-4B9A-B2ED-A521C1FF14C7}.Debug|x64.ActiveCfg = Debug|x64
		{D08D1ADB-5AEC-4B9A-B2ED-A521C1FF14C7}.Debug|x64.Build.0 = Debug|x64
		{D08D1ADB-5AEC-4B9A-B2ED-A521C1FF14C7}.Debug|x86.ActiveCfg = Debug|Win32
		{D08D1ADB-5AEC-4B9A-B2ED-A521C1FF14C7}.Debug|x86.Build.0 = Debug|Win32
		{D08D1ADB-5AEC-4B9A-B2ED-A521C1FF14C7}.Release|Any CPU.ActiveCfg = Release|x64
		{D08D1ADB-5AEC-4B9A-B2ED-A521C1FF14C7}.Release|Any CPU.Build.0 = Release|x64
		{D08D1ADB-5AEC-4B9A-B2ED-A521C1FF14C7}.Release|x64.ActiveCfg = Release|x64
		{D08D1ADB-5AEC-4B9A-B2ED-A521C1FF14C7}.Release|x64.Build.0 = Release|x64
		{D08D1ADB-5AEC-4B9A-B2ED-A521C1FF14C7}.Release|x86.ActiveCfg = Release|Win32
		{D08D1ADB-5AEC-4B9A-B2ED-A521C1FF14C7}.Release|x86.Build.0 = Release|Win32
		{D3EFB49F-377C-47D5-81E6-70EF79BC6BA8}.Debug|Any CPU.ActiveCfg = Debug|x64
		{D3EFB49F-377C-47D5-81E6-70EF79BC6BA8}.Debug|Any CPU.Build.0 = Debug|x64
		{D3EFB49F-377C-47D5-81E6-70EF79BC6BA8}.Debug|x64.ActiveCfg = Debug|x64
		{D3EFB49F-377C-47D5-81E6-70EF79BC6BA8}.Debug|x64.Build.0 = Debug|x64
		{D3EFB49F-377C-47D5-81E6-70EF79BC6BA8}.Debug|x86.ActiveCfg = Debug|Win32
		{D3EFB49F-377C-47D5-81E6-70EF79BC6BA8}.Debug|x86.Build.0 = Debug|Win32
		{D3EFB49F-377C-47D5-81E6-70EF79BC6BA8}.Release|Any CPU.ActiveCfg = Release|x64
		{D3EFB49F-377C-47D5-81E6-70EF79BC6BA8}.Release|Any CPU.Build.0 = Release|x64
		{D3EFB49F-377C-47D5-81E6-70EF79BC6BA8}.Release|x64.ActiveCfg = Release|x64
		{D3EFB49F-377C-47D5-81E6-70EF79BC6BA8}.Release|x64.Build.0 = Release|x64
		{D3EFB49F-377C-47D5-81E6-70EF79BC6BA8}.Release|x86.ActiveCfg = Release|Win32
		{D3EFB49F-377C-47D5-81E6-70EF79BC6BA8}.Release|x86.Build.0 = Release|Win32
	EndGlobalSection
	GlobalSection(SolutionProperties) = preSolution
		HideSolutionNode = FALSE
	EndGlobalSection
	GlobalSection(ExtensibilityGlobals) = postSolution
		SolutionGuid = {B4A63E25-8C9B-4AE7-9171-8220235AA53C}
	EndGlobalSection
EndGlobal
